// !$*UTF8*$!
{
	archiveVersion = 1;
	classes = {
	};
	objectVersion = 50;
	objects = {

/* Begin PBXBuildFile section */
		CA8AA247258BCBB800825213 /* AppDelegate.swift in Sources */ = {isa = PBXBuildFile; fileRef = CA8AA246258BCBB800825213 /* AppDelegate.swift */; };
		CA8AA249258BCBB800825213 /* SceneDelegate.swift in Sources */ = {isa = PBXBuildFile; fileRef = CA8AA248258BCBB800825213 /* SceneDelegate.swift */; };
		CA8AA24B258BCBB800825213 /* ViewController.swift in Sources */ = {isa = PBXBuildFile; fileRef = CA8AA24A258BCBB800825213 /* ViewController.swift */; };
		CA8AA24E258BCBB800825213 /* Main.storyboard in Resources */ = {isa = PBXBuildFile; fileRef = CA8AA24C258BCBB800825213 /* Main.storyboard */; };
		CA8AA251258BCBB800825213 /* Sprint.xcdatamodeld in Sources */ = {isa = PBXBuildFile; fileRef = CA8AA24F258BCBB800825213 /* Sprint.xcdatamodeld */; };
		CA8AA253258BCBBC00825213 /* Assets.xcassets in Resources */ = {isa = PBXBuildFile; fileRef = CA8AA252258BCBBC00825213 /* Assets.xcassets */; };
		CA8AA256258BCBBC00825213 /* LaunchScreen.storyboard in Resources */ = {isa = PBXBuildFile; fileRef = CA8AA254258BCBBC00825213 /* LaunchScreen.storyboard */; };
		CA8AA25F258BCF6700825213 /* Employee.swift in Sources */ = {isa = PBXBuildFile; fileRef = CA8AA25E258BCF6700825213 /* Employee.swift */; };
		CA8AA262258BD0E100825213 /* Task.swift in Sources */ = {isa = PBXBuildFile; fileRef = CA8AA261258BD0E100825213 /* Task.swift */; };
		CA8AA265258BD11300825213 /* TaskManager.swift in Sources */ = {isa = PBXBuildFile; fileRef = CA8AA264258BD11300825213 /* TaskManager.swift */; };
		CA8AA268258BD92000825213 /* Comment.swift in Sources */ = {isa = PBXBuildFile; fileRef = CA8AA267258BD92000825213 /* Comment.swift */; };
		CA8AA26B258BDDE200825213 /* HierarchyNet.swift in Sources */ = {isa = PBXBuildFile; fileRef = CA8AA26A258BDDE200825213 /* HierarchyNet.swift */; };
		CA8AA26E258BE00D00825213 /* HierarchyIterator.swift in Sources */ = {isa = PBXBuildFile; fileRef = CA8AA26D258BE00D00825213 /* HierarchyIterator.swift */; };
		CA8AA271258BFD7000825213 /* EmployeeTreeGenerator.swift in Sources */ = {isa = PBXBuildFile; fileRef = CA8AA270258BFD7000825213 /* EmployeeTreeGenerator.swift */; };
		CA8AA274258C04A800825213 /* TasksIterator.swift in Sources */ = {isa = PBXBuildFile; fileRef = CA8AA273258C04A800825213 /* TasksIterator.swift */; };
		CA8AA277258C075C00825213 /* Commit.swift in Sources */ = {isa = PBXBuildFile; fileRef = CA8AA276258C075C00825213 /* Commit.swift */; };
		CA8AA27A258C132600825213 /* PromotedEmployee.swift in Sources */ = {isa = PBXBuildFile; fileRef = CA8AA279258C132600825213 /* PromotedEmployee.swift */; };
		CA8AA27D258C1CDE00825213 /* Report.swift in Sources */ = {isa = PBXBuildFile; fileRef = CA8AA27C258C1CDD00825213 /* Report.swift */; };
		CA8AA280258C1D3C00825213 /* ReportVisitor.swift in Sources */ = {isa = PBXBuildFile; fileRef = CA8AA27F258C1D3C00825213 /* ReportVisitor.swift */; };
		CA8AA283258C1E7200825213 /* ReportBuilder.swift in Sources */ = {isa = PBXBuildFile; fileRef = CA8AA282258C1E7200825213 /* ReportBuilder.swift */; };
		CA8AA286258C1F3C00825213 /* ReportView.xib in Resources */ = {isa = PBXBuildFile; fileRef = CA8AA285258C1F3C00825213 /* ReportView.xib */; };
		CA8AA289258C213400825213 /* TaskView.xib in Resources */ = {isa = PBXBuildFile; fileRef = CA8AA288258C213400825213 /* TaskView.xib */; };
		CA8AA28F258C22C500825213 /* LikeButton.swift in Sources */ = {isa = PBXBuildFile; fileRef = CA8AA28E258C22C500825213 /* LikeButton.swift */; };
		CA8AA293258C259400825213 /* LikeCommand.swift in Sources */ = {isa = PBXBuildFile; fileRef = CA8AA292258C259400825213 /* LikeCommand.swift */; };
		CA8AA296258C25A900825213 /* Command.swift in Sources */ = {isa = PBXBuildFile; fileRef = CA8AA295258C25A900825213 /* Command.swift */; };
		CA8AA299258C3A5C00825213 /* TaskView.swift in Sources */ = {isa = PBXBuildFile; fileRef = CA8AA298258C3A5C00825213 /* TaskView.swift */; };
		CA8AA2A0258C427F00825213 /* TasksViewController.swift in Sources */ = {isa = PBXBuildFile; fileRef = CA8AA29F258C427F00825213 /* TasksViewController.swift */; };
		CA8AA2A3258C42C800825213 /* TasksViewConcentrate.swift in Sources */ = {isa = PBXBuildFile; fileRef = CA8AA2A2258C42C800825213 /* TasksViewConcentrate.swift */; };
		CA8AA2A7258C43CE00825213 /* TaskTableViewCell.swift in Sources */ = {isa = PBXBuildFile; fileRef = CA8AA2A5258C43CE00825213 /* TaskTableViewCell.swift */; };
		CA8AA2A8258C43CE00825213 /* TaskTableViewCell.xib in Resources */ = {isa = PBXBuildFile; fileRef = CA8AA2A6258C43CE00825213 /* TaskTableViewCell.xib */; };
		CA8AA2AD258C53E300825213 /* CreateTaskViewController.swift in Sources */ = {isa = PBXBuildFile; fileRef = CA8AA2AC258C53E300825213 /* CreateTaskViewController.swift */; };
/* End PBXBuildFile section */

/* Begin PBXFileReference section */
		CA8AA243258BCBB800825213 /* Sprint.app */ = {isa = PBXFileReference; explicitFileType = wrapper.application; includeInIndex = 0; path = Sprint.app; sourceTree = BUILT_PRODUCTS_DIR; };
		CA8AA246258BCBB800825213 /* AppDelegate.swift */ = {isa = PBXFileReference; lastKnownFileType = sourcecode.swift; path = AppDelegate.swift; sourceTree = "<group>"; };
		CA8AA248258BCBB800825213 /* SceneDelegate.swift */ = {isa = PBXFileReference; lastKnownFileType = sourcecode.swift; path = SceneDelegate.swift; sourceTree = "<group>"; };
		CA8AA24A258BCBB800825213 /* ViewController.swift */ = {isa = PBXFileReference; lastKnownFileType = sourcecode.swift; path = ViewController.swift; sourceTree = "<group>"; };
		CA8AA24D258BCBB800825213 /* Base */ = {isa = PBXFileReference; lastKnownFileType = file.storyboard; name = Base; path = Base.lproj/Main.storyboard; sourceTree = "<group>"; };
		CA8AA250258BCBB800825213 /* Sprint.xcdatamodel */ = {isa = PBXFileReference; lastKnownFileType = wrapper.xcdatamodel; path = Sprint.xcdatamodel; sourceTree = "<group>"; };
		CA8AA252258BCBBC00825213 /* Assets.xcassets */ = {isa = PBXFileReference; lastKnownFileType = folder.assetcatalog; path = Assets.xcassets; sourceTree = "<group>"; };
		CA8AA255258BCBBC00825213 /* Base */ = {isa = PBXFileReference; lastKnownFileType = file.storyboard; name = Base; path = Base.lproj/LaunchScreen.storyboard; sourceTree = "<group>"; };
		CA8AA257258BCBBC00825213 /* Info.plist */ = {isa = PBXFileReference; lastKnownFileType = text.plist.xml; path = Info.plist; sourceTree = "<group>"; };
		CA8AA25E258BCF6700825213 /* Employee.swift */ = {isa = PBXFileReference; lastKnownFileType = sourcecode.swift; path = Employee.swift; sourceTree = "<group>"; };
		CA8AA261258BD0E100825213 /* Task.swift */ = {isa = PBXFileReference; lastKnownFileType = sourcecode.swift; path = Task.swift; sourceTree = "<group>"; };
		CA8AA264258BD11300825213 /* TaskManager.swift */ = {isa = PBXFileReference; lastKnownFileType = sourcecode.swift; path = TaskManager.swift; sourceTree = "<group>"; };
		CA8AA267258BD92000825213 /* Comment.swift */ = {isa = PBXFileReference; lastKnownFileType = sourcecode.swift; path = Comment.swift; sourceTree = "<group>"; };
		CA8AA26A258BDDE200825213 /* HierarchyNet.swift */ = {isa = PBXFileReference; lastKnownFileType = sourcecode.swift; path = HierarchyNet.swift; sourceTree = "<group>"; };
		CA8AA26D258BE00D00825213 /* HierarchyIterator.swift */ = {isa = PBXFileReference; lastKnownFileType = sourcecode.swift; path = HierarchyIterator.swift; sourceTree = "<group>"; };
		CA8AA270258BFD7000825213 /* EmployeeTreeGenerator.swift */ = {isa = PBXFileReference; lastKnownFileType = sourcecode.swift; path = EmployeeTreeGenerator.swift; sourceTree = "<group>"; };
		CA8AA273258C04A800825213 /* TasksIterator.swift */ = {isa = PBXFileReference; lastKnownFileType = sourcecode.swift; path = TasksIterator.swift; sourceTree = "<group>"; };
		CA8AA276258C075C00825213 /* Commit.swift */ = {isa = PBXFileReference; lastKnownFileType = sourcecode.swift; path = Commit.swift; sourceTree = "<group>"; };
		CA8AA279258C132600825213 /* PromotedEmployee.swift */ = {isa = PBXFileReference; lastKnownFileType = sourcecode.swift; path = PromotedEmployee.swift; sourceTree = "<group>"; };
		CA8AA27C258C1CDD00825213 /* Report.swift */ = {isa = PBXFileReference; lastKnownFileType = sourcecode.swift; path = Report.swift; sourceTree = "<group>"; };
		CA8AA27F258C1D3C00825213 /* ReportVisitor.swift */ = {isa = PBXFileReference; lastKnownFileType = sourcecode.swift; path = ReportVisitor.swift; sourceTree = "<group>"; };
		CA8AA282258C1E7200825213 /* ReportBuilder.swift */ = {isa = PBXFileReference; lastKnownFileType = sourcecode.swift; path = ReportBuilder.swift; sourceTree = "<group>"; };
		CA8AA285258C1F3C00825213 /* ReportView.xib */ = {isa = PBXFileReference; lastKnownFileType = file.xib; path = ReportView.xib; sourceTree = "<group>"; };
		CA8AA288258C213400825213 /* TaskView.xib */ = {isa = PBXFileReference; lastKnownFileType = file.xib; path = TaskView.xib; sourceTree = "<group>"; };
		CA8AA28E258C22C500825213 /* LikeButton.swift */ = {isa = PBXFileReference; lastKnownFileType = sourcecode.swift; path = LikeButton.swift; sourceTree = "<group>"; };
		CA8AA292258C259400825213 /* LikeCommand.swift */ = {isa = PBXFileReference; lastKnownFileType = sourcecode.swift; path = LikeCommand.swift; sourceTree = "<group>"; };
		CA8AA295258C25A900825213 /* Command.swift */ = {isa = PBXFileReference; lastKnownFileType = sourcecode.swift; path = Command.swift; sourceTree = "<group>"; };
		CA8AA298258C3A5C00825213 /* TaskView.swift */ = {isa = PBXFileReference; lastKnownFileType = sourcecode.swift; path = TaskView.swift; sourceTree = "<group>"; };
		CA8AA29F258C427F00825213 /* TasksViewController.swift */ = {isa = PBXFileReference; lastKnownFileType = sourcecode.swift; path = TasksViewController.swift; sourceTree = "<group>"; };
		CA8AA2A2258C42C800825213 /* TasksViewConcentrate.swift */ = {isa = PBXFileReference; lastKnownFileType = sourcecode.swift; path = TasksViewConcentrate.swift; sourceTree = "<group>"; };
		CA8AA2A5258C43CE00825213 /* TaskTableViewCell.swift */ = {isa = PBXFileReference; lastKnownFileType = sourcecode.swift; path = TaskTableViewCell.swift; sourceTree = "<group>"; };
		CA8AA2A6258C43CE00825213 /* TaskTableViewCell.xib */ = {isa = PBXFileReference; lastKnownFileType = file.xib; path = TaskTableViewCell.xib; sourceTree = "<group>"; };
		CA8AA2AC258C53E300825213 /* CreateTaskViewController.swift */ = {isa = PBXFileReference; lastKnownFileType = sourcecode.swift; path = CreateTaskViewController.swift; sourceTree = "<group>"; };
/* End PBXFileReference section */

/* Begin PBXFrameworksBuildPhase section */
		CA8AA240258BCBB800825213 /* Frameworks */ = {
			isa = PBXFrameworksBuildPhase;
			buildActionMask = 2147483647;
			files = (
			);
			runOnlyForDeploymentPostprocessing = 0;
		};
/* End PBXFrameworksBuildPhase section */

/* Begin PBXGroup section */
		CA8AA23A258BCBB800825213 = {
			isa = PBXGroup;
			children = (
				CA8AA245258BCBB800825213 /* Sprint */,
				CA8AA244258BCBB800825213 /* Products */,
			);
			sourceTree = "<group>";
		};
		CA8AA244258BCBB800825213 /* Products */ = {
			isa = PBXGroup;
			children = (
				CA8AA243258BCBB800825213 /* Sprint.app */,
			);
			name = Products;
			sourceTree = "<group>";
		};
		CA8AA245258BCBB800825213 /* Sprint */ = {
			isa = PBXGroup;
			children = (
				CA8AA246258BCBB800825213 /* AppDelegate.swift */,
				CA8AA248258BCBB800825213 /* SceneDelegate.swift */,
				CA8AA24A258BCBB800825213 /* ViewController.swift */,
				CA8AA24C258BCBB800825213 /* Main.storyboard */,
				CA8AA252258BCBBC00825213 /* Assets.xcassets */,
				CA8AA254258BCBBC00825213 /* LaunchScreen.storyboard */,
				CA8AA257258BCBBC00825213 /* Info.plist */,
				CA8AA24F258BCBB800825213 /* Sprint.xcdatamodeld */,
				CA8AA25E258BCF6700825213 /* Employee.swift */,
				CA8AA261258BD0E100825213 /* Task.swift */,
				CA8AA264258BD11300825213 /* TaskManager.swift */,
				CA8AA267258BD92000825213 /* Comment.swift */,
				CA8AA26A258BDDE200825213 /* HierarchyNet.swift */,
				CA8AA26D258BE00D00825213 /* HierarchyIterator.swift */,
				CA8AA270258BFD7000825213 /* EmployeeTreeGenerator.swift */,
				CA8AA273258C04A800825213 /* TasksIterator.swift */,
				CA8AA276258C075C00825213 /* Commit.swift */,
				CA8AA279258C132600825213 /* PromotedEmployee.swift */,
				CA8AA27C258C1CDD00825213 /* Report.swift */,
				CA8AA27F258C1D3C00825213 /* ReportVisitor.swift */,
				CA8AA282258C1E7200825213 /* ReportBuilder.swift */,
				CA8AA285258C1F3C00825213 /* ReportView.xib */,
				CA8AA288258C213400825213 /* TaskView.xib */,
				CA8AA28E258C22C500825213 /* LikeButton.swift */,
				CA8AA292258C259400825213 /* LikeCommand.swift */,
				CA8AA295258C25A900825213 /* Command.swift */,
				CA8AA298258C3A5C00825213 /* TaskView.swift */,
				CA8AA29F258C427F00825213 /* TasksViewController.swift */,
				CA8AA2A2258C42C800825213 /* TasksViewConcentrate.swift */,
				CA8AA2A5258C43CE00825213 /* TaskTableViewCell.swift */,
				CA8AA2A6258C43CE00825213 /* TaskTableViewCell.xib */,
				CA8AA2AC258C53E300825213 /* CreateTaskViewController.swift */,
			);
			path = Sprint;
			sourceTree = "<group>";
		};
/* End PBXGroup section */

/* Begin PBXNativeTarget section */
		CA8AA242258BCBB800825213 /* Sprint */ = {
			isa = PBXNativeTarget;
			buildConfigurationList = CA8AA25A258BCBBC00825213 /* Build configuration list for PBXNativeTarget "Sprint" */;
			buildPhases = (
				CA8AA23F258BCBB800825213 /* Sources */,
				CA8AA240258BCBB800825213 /* Frameworks */,
				CA8AA241258BCBB800825213 /* Resources */,
			);
			buildRules = (
			);
			dependencies = (
			);
			name = Sprint;
			productName = Sprint;
			productReference = CA8AA243258BCBB800825213 /* Sprint.app */;
			productType = "com.apple.product-type.application";
		};
/* End PBXNativeTarget section */

/* Begin PBXProject section */
		CA8AA23B258BCBB800825213 /* Project object */ = {
			isa = PBXProject;
			attributes = {
				LastSwiftUpdateCheck = 1200;
				LastUpgradeCheck = 1200;
				TargetAttributes = {
					CA8AA242258BCBB800825213 = {
						CreatedOnToolsVersion = 12.0.1;
					};
				};
			};
			buildConfigurationList = CA8AA23E258BCBB800825213 /* Build configuration list for PBXProject "Sprint" */;
			compatibilityVersion = "Xcode 9.3";
			developmentRegion = en;
			hasScannedForEncodings = 0;
			knownRegions = (
				en,
				Base,
			);
			mainGroup = CA8AA23A258BCBB800825213;
			productRefGroup = CA8AA244258BCBB800825213 /* Products */;
			projectDirPath = "";
			projectRoot = "";
			targets = (
				CA8AA242258BCBB800825213 /* Sprint */,
			);
		};
/* End PBXProject section */

/* Begin PBXResourcesBuildPhase section */
		CA8AA241258BCBB800825213 /* Resources */ = {
			isa = PBXResourcesBuildPhase;
			buildActionMask = 2147483647;
			files = (
				CA8AA2A8258C43CE00825213 /* TaskTableViewCell.xib in Resources */,
				CA8AA256258BCBBC00825213 /* LaunchScreen.storyboard in Resources */,
				CA8AA289258C213400825213 /* TaskView.xib in Resources */,
				CA8AA253258BCBBC00825213 /* Assets.xcassets in Resources */,
				CA8AA286258C1F3C00825213 /* ReportView.xib in Resources */,
				CA8AA24E258BCBB800825213 /* Main.storyboard in Resources */,
			);
			runOnlyForDeploymentPostprocessing = 0;
		};
/* End PBXResourcesBuildPhase section */

/* Begin PBXSourcesBuildPhase section */
		CA8AA23F258BCBB800825213 /* Sources */ = {
			isa = PBXSourcesBuildPhase;
			buildActionMask = 2147483647;
			files = (
				CA8AA24B258BCBB800825213 /* ViewController.swift in Sources */,
				CA8AA27A258C132600825213 /* PromotedEmployee.swift in Sources */,
				CA8AA26B258BDDE200825213 /* HierarchyNet.swift in Sources */,
				CA8AA2A3258C42C800825213 /* TasksViewConcentrate.swift in Sources */,
				CA8AA296258C25A900825213 /* Command.swift in Sources */,
				CA8AA247258BCBB800825213 /* AppDelegate.swift in Sources */,
				CA8AA277258C075C00825213 /* Commit.swift in Sources */,
				CA8AA249258BCBB800825213 /* SceneDelegate.swift in Sources */,
				CA8AA2A7258C43CE00825213 /* TaskTableViewCell.swift in Sources */,
				CA8AA268258BD92000825213 /* Comment.swift in Sources */,
				CA8AA26E258BE00D00825213 /* HierarchyIterator.swift in Sources */,
				CA8AA25F258BCF6700825213 /* Employee.swift in Sources */,
				CA8AA271258BFD7000825213 /* EmployeeTreeGenerator.swift in Sources */,
				CA8AA28F258C22C500825213 /* LikeButton.swift in Sources */,
				CA8AA280258C1D3C00825213 /* ReportVisitor.swift in Sources */,
				CA8AA2A0258C427F00825213 /* TasksViewController.swift in Sources */,
				CA8AA293258C259400825213 /* LikeCommand.swift in Sources */,
				CA8AA262258BD0E100825213 /* Task.swift in Sources */,
				CA8AA299258C3A5C00825213 /* TaskView.swift in Sources */,
				CA8AA27D258C1CDE00825213 /* Report.swift in Sources */,
				CA8AA283258C1E7200825213 /* ReportBuilder.swift in Sources */,
				CA8AA265258BD11300825213 /* TaskManager.swift in Sources */,
				CA8AA274258C04A800825213 /* TasksIterator.swift in Sources */,
				CA8AA251258BCBB800825213 /* Sprint.xcdatamodeld in Sources */,
				CA8AA2AD258C53E300825213 /* CreateTaskViewController.swift in Sources */,
			);
			runOnlyForDeploymentPostprocessing = 0;
		};
/* End PBXSourcesBuildPhase section */

/* Begin PBXVariantGroup section */
		CA8AA24C258BCBB800825213 /* Main.storyboard */ = {
			isa = PBXVariantGroup;
			children = (
				CA8AA24D258BCBB800825213 /* Base */,
			);
			name = Main.storyboard;
			sourceTree = "<group>";
		};
		CA8AA254258BCBBC00825213 /* LaunchScreen.storyboard */ = {
			isa = PBXVariantGroup;
			children = (
				CA8AA255258BCBBC00825213 /* Base */,
			);
			name = LaunchScreen.storyboard;
			sourceTree = "<group>";
		};
/* End PBXVariantGroup section */

/* Begin XCBuildConfiguration section */
		CA8AA258258BCBBC00825213 /* Debug */ = {
			isa = XCBuildConfiguration;
			buildSettings = {
				ALWAYS_SEARCH_USER_PATHS = NO;
				CLANG_ANALYZER_NONNULL = YES;
				CLANG_ANALYZER_NUMBER_OBJECT_CONVERSION = YES_AGGRESSIVE;
				CLANG_CXX_LANGUAGE_STANDARD = "gnu++14";
				CLANG_CXX_LIBRARY = "libc++";
				CLANG_ENABLE_MODULES = YES;
				CLANG_ENABLE_OBJC_ARC = YES;
				CLANG_ENABLE_OBJC_WEAK = YES;
				CLANG_WARN_BLOCK_CAPTURE_AUTORELEASING = YES;
				CLANG_WARN_BOOL_CONVERSION = YES;
				CLANG_WARN_COMMA = YES;
				CLANG_WARN_CONSTANT_CONVERSION = YES;
				CLANG_WARN_DEPRECATED_OBJC_IMPLEMENTATIONS = YES;
				CLANG_WARN_DIRECT_OBJC_ISA_USAGE = YES_ERROR;
				CLANG_WARN_DOCUMENTATION_COMMENTS = YES;
				CLANG_WARN_EMPTY_BODY = YES;
				CLANG_WARN_ENUM_CONVERSION = YES;
				CLANG_WARN_INFINITE_RECURSION = YES;
				CLANG_WARN_INT_CONVERSION = YES;
				CLANG_WARN_NON_LITERAL_NULL_CONVERSION = YES;
				CLANG_WARN_OBJC_IMPLICIT_RETAIN_SELF = YES;
				CLANG_WARN_OBJC_LITERAL_CONVERSION = YES;
				CLANG_WARN_OBJC_ROOT_CLASS = YES_ERROR;
				CLANG_WARN_QUOTED_INCLUDE_IN_FRAMEWORK_HEADER = YES;
				CLANG_WARN_RANGE_LOOP_ANALYSIS = YES;
				CLANG_WARN_STRICT_PROTOTYPES = YES;
				CLANG_WARN_SUSPICIOUS_MOVE = YES;
				CLANG_WARN_UNGUARDED_AVAILABILITY = YES_AGGRESSIVE;
				CLANG_WARN_UNREACHABLE_CODE = YES;
				CLANG_WARN__DUPLICATE_METHOD_MATCH = YES;
				COPY_PHASE_STRIP = NO;
				DEBUG_INFORMATION_FORMAT = dwarf;
				ENABLE_STRICT_OBJC_MSGSEND = YES;
				ENABLE_TESTABILITY = YES;
				GCC_C_LANGUAGE_STANDARD = gnu11;
				GCC_DYNAMIC_NO_PIC = NO;
				GCC_NO_COMMON_BLOCKS = YES;
				GCC_OPTIMIZATION_LEVEL = 0;
				GCC_PREPROCESSOR_DEFINITIONS = (
					"DEBUG=1",
					"$(inherited)",
				);
				GCC_WARN_64_TO_32_BIT_CONVERSION = YES;
				GCC_WARN_ABOUT_RETURN_TYPE = YES_ERROR;
				GCC_WARN_UNDECLARED_SELECTOR = YES;
				GCC_WARN_UNINITIALIZED_AUTOS = YES_AGGRESSIVE;
				GCC_WARN_UNUSED_FUNCTION = YES;
				GCC_WARN_UNUSED_VARIABLE = YES;
				IPHONEOS_DEPLOYMENT_TARGET = 14.0;
				MTL_ENABLE_DEBUG_INFO = INCLUDE_SOURCE;
				MTL_FAST_MATH = YES;
				ONLY_ACTIVE_ARCH = YES;
				SDKROOT = iphoneos;
				SWIFT_ACTIVE_COMPILATION_CONDITIONS = DEBUG;
				SWIFT_OPTIMIZATION_LEVEL = "-Onone";
			};
			name = Debug;
		};
		CA8AA259258BCBBC00825213 /* Release */ = {
			isa = XCBuildConfiguration;
			buildSettings = {
				ALWAYS_SEARCH_USER_PATHS = NO;
				CLANG_ANALYZER_NONNULL = YES;
				CLANG_ANALYZER_NUMBER_OBJECT_CONVERSION = YES_AGGRESSIVE;
				CLANG_CXX_LANGUAGE_STANDARD = "gnu++14";
				CLANG_CXX_LIBRARY = "libc++";
				CLANG_ENABLE_MODULES = YES;
				CLANG_ENABLE_OBJC_ARC = YES;
				CLANG_ENABLE_OBJC_WEAK = YES;
				CLANG_WARN_BLOCK_CAPTURE_AUTORELEASING = YES;
				CLANG_WARN_BOOL_CONVERSION = YES;
				CLANG_WARN_COMMA = YES;
				CLANG_WARN_CONSTANT_CONVERSION = YES;
				CLANG_WARN_DEPRECATED_OBJC_IMPLEMENTATIONS = YES;
				CLANG_WARN_DIRECT_OBJC_ISA_USAGE = YES_ERROR;
				CLANG_WARN_DOCUMENTATION_COMMENTS = YES;
				CLANG_WARN_EMPTY_BODY = YES;
				CLANG_WARN_ENUM_CONVERSION = YES;
				CLANG_WARN_INFINITE_RECURSION = YES;
				CLANG_WARN_INT_CONVERSION = YES;
				CLANG_WARN_NON_LITERAL_NULL_CONVERSION = YES;
				CLANG_WARN_OBJC_IMPLICIT_RETAIN_SELF = YES;
				CLANG_WARN_OBJC_LITERAL_CONVERSION = YES;
				CLANG_WARN_OBJC_ROOT_CLASS = YES_ERROR;
				CLANG_WARN_QUOTED_INCLUDE_IN_FRAMEWORK_HEADER = YES;
				CLANG_WARN_RANGE_LOOP_ANALYSIS = YES;
				CLANG_WARN_STRICT_PROTOTYPES = YES;
				CLANG_WARN_SUSPICIOUS_MOVE = YES;
				CLANG_WARN_UNGUARDED_AVAILABILITY = YES_AGGRESSIVE;
				CLANG_WARN_UNREACHABLE_CODE = YES;
				CLANG_WARN__DUPLICATE_METHOD_MATCH = YES;
				COPY_PHASE_STRIP = NO;
				DEBUG_INFORMATION_FORMAT = "dwarf-with-dsym";
				ENABLE_NS_ASSERTIONS = NO;
				ENABLE_STRICT_OBJC_MSGSEND = YES;
				GCC_C_LANGUAGE_STANDARD = gnu11;
				GCC_NO_COMMON_BLOCKS = YES;
				GCC_WARN_64_TO_32_BIT_CONVERSION = YES;
				GCC_WARN_ABOUT_RETURN_TYPE = YES_ERROR;
				GCC_WARN_UNDECLARED_SELECTOR = YES;
				GCC_WARN_UNINITIALIZED_AUTOS = YES_AGGRESSIVE;
				GCC_WARN_UNUSED_FUNCTION = YES;
				GCC_WARN_UNUSED_VARIABLE = YES;
				IPHONEOS_DEPLOYMENT_TARGET = 14.0;
				MTL_ENABLE_DEBUG_INFO = NO;
				MTL_FAST_MATH = YES;
				SDKROOT = iphoneos;
				SWIFT_COMPILATION_MODE = wholemodule;
				SWIFT_OPTIMIZATION_LEVEL = "-O";
				VALIDATE_PRODUCT = YES;
			};
			name = Release;
		};
		CA8AA25B258BCBBC00825213 /* Debug */ = {
			isa = XCBuildConfiguration;
			buildSettings = {
				ASSETCATALOG_COMPILER_APPICON_NAME = AppIcon;
				ASSETCATALOG_COMPILER_GLOBAL_ACCENT_COLOR_NAME = AccentColor;
				CODE_SIGN_STYLE = Automatic;
				DEVELOPMENT_TEAM = ZM28Y4MK54;
				INFOPLIST_FILE = Sprint/Info.plist;
				LD_RUNPATH_SEARCH_PATHS = (
					"$(inherited)",
					"@executable_path/Frameworks",
				);
				PRODUCT_BUNDLE_IDENTIFIER = shit.Sprint;
				PRODUCT_NAME = "$(TARGET_NAME)";
				SWIFT_VERSION = 5.0;
				TARGETED_DEVICE_FAMILY = "1,2";
			};
			name = Debug;
		};
		CA8AA25C258BCBBC00825213 /* Release */ = {
			isa = XCBuildConfiguration;
			buildSettings = {
				ASSETCATALOG_COMPILER_APPICON_NAME = AppIcon;
				ASSETCATALOG_COMPILER_GLOBAL_ACCENT_COLOR_NAME = AccentColor;
				CODE_SIGN_STYLE = Automatic;
				DEVELOPMENT_TEAM = ZM28Y4MK54;
				INFOPLIST_FILE = Sprint/Info.plist;
				LD_RUNPATH_SEARCH_PATHS = (
					"$(inherited)",
					"@executable_path/Frameworks",
				);
				PRODUCT_BUNDLE_IDENTIFIER = shit.Sprint;
				PRODUCT_NAME = "$(TARGET_NAME)";
				SWIFT_VERSION = 5.0;
				TARGETED_DEVICE_FAMILY = "1,2";
			};
			name = Release;
		};
/* End XCBuildConfiguration section */

/* Begin XCConfigurationList section */
		CA8AA23E258BCBB800825213 /* Build configuration list for PBXProject "Sprint" */ = {
			isa = XCConfigurationList;
			buildConfigurations = (
				CA8AA258258BCBBC00825213 /* Debug */,
				CA8AA259258BCBBC00825213 /* Release */,
			);
			defaultConfigurationIsVisible = 0;
			defaultConfigurationName = Release;
		};
		CA8AA25A258BCBBC00825213 /* Build configuration list for PBXNativeTarget "Sprint" */ = {
			isa = XCConfigurationList;
			buildConfigurations = (
				CA8AA25B258BCBBC00825213 /* Debug */,
				CA8AA25C258BCBBC00825213 /* Release */,
			);
			defaultConfigurationIsVisible = 0;
			defaultConfigurationName = Release;
		};
/* End XCConfigurationList section */

/* Begin XCVersionGroup section */
		CA8AA24F258BCBB800825213 /* Sprint.xcdatamodeld */ = {
			isa = XCVersionGroup;
			children = (
				CA8AA250258BCBB800825213 /* Sprint.xcdatamodel */,
			);
			currentVersion = CA8AA250258BCBB800825213 /* Sprint.xcdatamodel */;
			path = Sprint.xcdatamodeld;
			sourceTree = "<group>";
			versionGroupType = wrapper.xcdatamodel;
		};
/* End XCVersionGroup section */
	};
	rootObject = CA8AA23B258BCBB800825213 /* Project object */;
}
